
Microsoft Visual Studio Solution File, Format Version 11.00
# Visual C++ Express 2010
Project("{8BC9CEB8-8B4A-11D0-8D11-00A0C91BC942}") = "graphics", "graphics.vcxproj", "{5A7D7CB8-C593-41FF-80A6-89CFD99E0286}"
EndProject
Global
	GlobalSection(SolutionConfigurationPlatforms) = preSolution
		Debug|Win32 = Debug|Win32
		Release|Win32 = Release|Win32
	EndGlobalSection
	GlobalSection(ProjectConfigurationPlatforms) = postSolution
		{5A7D7CB8-C593-41FF-80A6-89CFD99E0286}.Debug|Win32.ActiveCfg = Debug|Win32
		{5A7D7CB8-C593-41FF-80A6-89CFD99E0286}.Debug|Win32.Build.0 = Debug|Win32
		{5A7D7CB8-C593-41FF-80A6-89CFD99E0286}.Release|Win32.ActiveCfg = Release|Win32
		{5A7D7CB8-C593-41FF-80A6-89CFD99E0286}.Release|Win32.Build.0 = Release|Win32
	EndGlobalSection
	GlobalSection(SolutionProperties) = preSolution
		HideSolutionNode = FALSE
	EndGlobalSection
EndGlobal
